
Microsoft Visual Studio Solution File, Format Version 12.00
# Visual Studio 15
VisualStudioVersion = 15.0.28307.106
MinimumVisualStudioVersion = 10.0.40219.1
Project("{FAE04EC0-301F-11D3-BF4B-00C04F79EFBC}") = "UnitTestExample001", "UnitTestExample001\UnitTestExample001.csproj", "{5C74DD50-BE55-42C6-BF25-F80D0C244A80}"
EndProject
Project("{FAE04EC0-301F-11D3-BF4B-00C04F79EFBC}") = "UnitTestExample001.Tests", "UnitTestExample001.Tests\UnitTestExample001.Tests.csproj", "{FB220242-36DB-4DF7-B3EA-FD7B5229C950}"
EndProject
Global
	GlobalSection(SolutionConfigurationPlatforms) = preSolution
		Debug|Any CPU = Debug|Any CPU
		Release|Any CPU = Release|Any CPU
	EndGlobalSection
	GlobalSection(ProjectConfigurationPlatforms) = postSolution
		{5C74DD50-BE55-42C6-BF25-F80D0C244A80}.Debug|Any CPU.ActiveCfg = Debug|Any CPU
		{5C74DD50-BE55-42C6-BF25-F80D0C244A80}.Debug|Any CPU.Build.0 = Debug|Any CPU
		{5C74DD50-BE55-42C6-BF25-F80D0C244A80}.Release|Any CPU.ActiveCfg = Release|Any CPU
		{5C74DD50-BE55-42C6-BF25-F80D0C244A80}.Release|Any CPU.Build.0 = Release|Any CPU
		{FB220242-36DB-4DF7-B3EA-FD7B5229C950}.Debug|Any CPU.ActiveCfg = Debug|Any CPU
		{FB220242-36DB-4DF7-B3EA-FD7B5229C950}.Debug|Any CPU.Build.0 = Debug|Any CPU
		{FB220242-36DB-4DF7-B3EA-FD7B5229C950}.Release|Any CPU.ActiveCfg = Release|Any CPU
		{FB220242-36DB-4DF7-B3EA-FD7B5229C950}.Release|Any CPU.Build.0 = Release|Any CPU
	EndGlobalSection
	GlobalSection(SolutionProperties) = preSolution
		HideSolutionNode = FALSE
	EndGlobalSection
	GlobalSection(ExtensibilityGlobals) = postSolution
		SolutionGuid = {347BABD7-1734-408F-A0DD-5FE6DDACE9D0}
	EndGlobalSection
EndGlobal
